
Microsoft Visual Studio Solution File, Format Version 12.00
# Visual Studio 14
VisualStudioVersion = 14.0.25123.0
MinimumVisualStudioVersion = 10.0.40219.1
Project("{FAE04EC0-301F-11D3-BF4B-00C04F79EFBC}") = "DtoClassesGeneratorFromJSON", "DtoClassesGeneratorFromJSON\DtoClassesGeneratorFromJSON.csproj", "{ECA3FB9A-D8AD-4377-AFFD-BA38EC9C4918}"
EndProject
Project("{FAE04EC0-301F-11D3-BF4B-00C04F79EFBC}") = "DtoClassesGenerationLibrary", "DtoClassesGenerationLibrary\DtoClassesGenerationLibrary.csproj", "{F3FBE1E5-4A15-45A1-8089-9EF12B1AD2D9}"
EndProject
Project("{FAE04EC0-301F-11D3-BF4B-00C04F79EFBC}") = "TypePlugin", "TypePlugin\TypePlugin.csproj", "{5896D204-6F51-4B12-836C-79D1B630CCA3}"
EndProject
Project("{FAE04EC0-301F-11D3-BF4B-00C04F79EFBC}") = "PluginInterface", "PluginInterface\PluginInterface.csproj", "{A6A253BE-2ADD-4CEE-A32A-36070E97EAD1}"
EndProject
Global
	GlobalSection(SolutionConfigurationPlatforms) = preSolution
		Debug|Any CPU = Debug|Any CPU
		Release|Any CPU = Release|Any CPU
	EndGlobalSection
	GlobalSection(ProjectConfigurationPlatforms) = postSolution
		{ECA3FB9A-D8AD-4377-AFFD-BA38EC9C4918}.Debug|Any CPU.ActiveCfg = Debug|Any CPU
		{ECA3FB9A-D8AD-4377-AFFD-BA38EC9C4918}.Debug|Any CPU.Build.0 = Debug|Any CPU
		{ECA3FB9A-D8AD-4377-AFFD-BA38EC9C4918}.Release|Any CPU.ActiveCfg = Release|Any CPU
		{ECA3FB9A-D8AD-4377-AFFD-BA38EC9C4918}.Release|Any CPU.Build.0 = Release|Any CPU
		{F3FBE1E5-4A15-45A1-8089-9EF12B1AD2D9}.Debug|Any CPU.ActiveCfg = Debug|Any CPU
		{F3FBE1E5-4A15-45A1-8089-9EF12B1AD2D9}.Debug|Any CPU.Build.0 = Debug|Any CPU
		{F3FBE1E5-4A15-45A1-8089-9EF12B1AD2D9}.Release|Any CPU.ActiveCfg = Release|Any CPU
		{F3FBE1E5-4A15-45A1-8089-9EF12B1AD2D9}.Release|Any CPU.Build.0 = Release|Any CPU
		{5896D204-6F51-4B12-836C-79D1B630CCA3}.Debug|Any CPU.ActiveCfg = Debug|Any CPU
		{5896D204-6F51-4B12-836C-79D1B630CCA3}.Debug|Any CPU.Build.0 = Debug|Any CPU
		{5896D204-6F51-4B12-836C-79D1B630CCA3}.Release|Any CPU.ActiveCfg = Release|Any CPU
		{5896D204-6F51-4B12-836C-79D1B630CCA3}.Release|Any CPU.Build.0 = Release|Any CPU
		{A6A253BE-2ADD-4CEE-A32A-36070E97EAD1}.Debug|Any CPU.ActiveCfg = Debug|Any CPU
		{A6A253BE-2ADD-4CEE-A32A-36070E97EAD1}.Debug|Any CPU.Build.0 = Debug|Any CPU
		{A6A253BE-2ADD-4CEE-A32A-36070E97EAD1}.Release|Any CPU.ActiveCfg = Release|Any CPU
		{A6A253BE-2ADD-4CEE-A32A-36070E97EAD1}.Release|Any CPU.Build.0 = Release|Any CPU
	EndGlobalSection
	GlobalSection(SolutionProperties) = preSolution
		HideSolutionNode = FALSE
	EndGlobalSection
EndGlobal
